
Microsoft Visual Studio Solution File, Format Version 12.00
# Visual Studio Version 17
VisualStudioVersion = 17.6.33723.286
MinimumVisualStudioVersion = 10.0.40219.1
Project("{FAE04EC0-301F-11D3-BF4B-00C04F79EFBC}") = "leet75", "leet75\leet75.csproj", "{B9DF3A66-6418-4BB5-A24C-D56C1670C52C}"
EndProject
Global
	GlobalSection(SolutionConfigurationPlatforms) = preSolution
		Debug|Any CPU = Debug|Any CPU
		Release|Any CPU = Release|Any CPU
	EndGlobalSection
	GlobalSection(ProjectConfigurationPlatforms) = postSolution
		{B9DF3A66-6418-4BB5-A24C-D56C1670C52C}.Debug|Any CPU.ActiveCfg = Debug|Any CPU
		{B9DF3A66-6418-4BB5-A24C-D56C1670C52C}.Debug|Any CPU.Build.0 = Debug|Any CPU
		{B9DF3A66-6418-4BB5-A24C-D56C1670C52C}.Release|Any CPU.ActiveCfg = Release|Any CPU
		{B9DF3A66-6418-4BB5-A24C-D56C1670C52C}.Release|Any CPU.Build.0 = Release|Any CPU
	EndGlobalSection
	GlobalSection(SolutionProperties) = preSolution
		HideSolutionNode = FALSE
	EndGlobalSection
	GlobalSection(ExtensibilityGlobals) = postSolution
		SolutionGuid = {356AA945-3BB6-40C4-BE19-4D3F3B7B1990}
	EndGlobalSection
EndGlobal
